
Microsoft Visual Studio Solution File, Format Version 12.00
# Visual Studio Version 17
VisualStudioVersion = 17.4.33213.308
MinimumVisualStudioVersion = 10.0.40219.1
Project("{FAE04EC0-301F-11D3-BF4B-00C04F79EFBC}") = "SimplePasswordGenerator", "SimplePasswordGenerator\SimplePasswordGenerator.csproj", "{33BA779B-FE34-4402-8CD8-D29A0FC3B724}"
EndProject
Global
	GlobalSection(SolutionConfigurationPlatforms) = preSolution
		Debug|Any CPU = Debug|Any CPU
		Release|Any CPU = Release|Any CPU
	EndGlobalSection
	GlobalSection(ProjectConfigurationPlatforms) = postSolution
		{33BA779B-FE34-4402-8CD8-D29A0FC3B724}.Debug|Any CPU.ActiveCfg = Debug|Any CPU
		{33BA779B-FE34-4402-8CD8-D29A0FC3B724}.Debug|Any CPU.Build.0 = Debug|Any CPU
		{33BA779B-FE34-4402-8CD8-D29A0FC3B724}.Release|Any CPU.ActiveCfg = Release|Any CPU
		{33BA779B-FE34-4402-8CD8-D29A0FC3B724}.Release|Any CPU.Build.0 = Release|Any CPU
	EndGlobalSection
	GlobalSection(SolutionProperties) = preSolution
		HideSolutionNode = FALSE
	EndGlobalSection
	GlobalSection(ExtensibilityGlobals) = postSolution
		SolutionGuid = {569E9BD1-E857-4AB8-B0BC-6B44F006056E}
	EndGlobalSection
EndGlobal
